
Microsoft Visual Studio Solution File, Format Version 12.00
# Visual Studio Version 17
VisualStudioVersion = 17.6.33717.318
MinimumVisualStudioVersion = 10.0.40219.1
Project("{8BC9CEB8-8B4A-11D0-8D11-00A0C91BC942}") = "springprox", "springprox.vcxproj", "{F3F48F0F-1847-4913-8CAA-F2062D3F1126}"
EndProject
Project("{8BC9CEB8-8B4A-11D0-8D11-00A0C91BC942}") = "sprox_calypso", "sprox_calypso.vcxproj", "{8021C45A-A388-42C7-B570-7178663E7823}"
EndProject
Project("{8BC9CEB8-8B4A-11D0-8D11-00A0C91BC942}") = "sprox_desfire", "sprox_desfire.vcxproj", "{923ADF54-1629-4BF7-8732-D01054B7C8FA}"
EndProject
Project("{8BC9CEB8-8B4A-11D0-8D11-00A0C91BC942}") = "sprox_mifplus", "sprox_mifplus.vcxproj", "{4B3D508A-BFAD-46B1-8005-5842A5C0A7C8}"
EndProject
Project("{8BC9CEB8-8B4A-11D0-8D11-00A0C91BC942}") = "sprox_mifulc", "sprox_mifulc.vcxproj", "{44C62F87-C8D2-40BC-9302-1A8EE0078578}"
EndProject
Project("{8BC9CEB8-8B4A-11D0-8D11-00A0C91BC942}") = "ref_calypso", "ref_calypso.vcxproj", "{29553DA5-334E-424D-8945-4C0FD6381AAB}"
EndProject
Project("{8BC9CEB8-8B4A-11D0-8D11-00A0C91BC942}") = "ref_desfire", "ref_desfire.vcxproj", "{F25674D7-743A-4E67-98C1-D25A27585005}"
EndProject
Project("{8BC9CEB8-8B4A-11D0-8D11-00A0C91BC942}") = "ref_desfire_benchmark", "ref_desfire_benchmark.vcxproj", "{583ADFA2-3451-4D09-BD28-1478B7C83774}"
EndProject
Project("{8BC9CEB8-8B4A-11D0-8D11-00A0C91BC942}") = "ref_desfire_ev1", "ref_desfire_ev1.vcxproj", "{94C5D6FB-524B-46F1-A8EF-C2D246197D76}"
EndProject
Project("{8BC9CEB8-8B4A-11D0-8D11-00A0C91BC942}") = "ref_find", "ref_find.vcxproj", "{68151D07-196E-4E64-B286-F5A9527D4193}"
EndProject
Project("{8BC9CEB8-8B4A-11D0-8D11-00A0C91BC942}") = "ref_info", "ref_info.vcxproj", "{B19166FB-36A4-4EF8-9BBA-CC238842F81C}"
EndProject
Project("{8BC9CEB8-8B4A-11D0-8D11-00A0C91BC942}") = "ref_memory", "ref_memory.vcxproj", "{C8C118A5-E30B-4980-B769-03C729DAD2D6}"
EndProject
Project("{8BC9CEB8-8B4A-11D0-8D11-00A0C91BC942}") = "ref_mifare", "ref_mifare.vcxproj", "{CCDE909C-4FAF-4396-A120-AA6FBBE5D76E}"
EndProject
Project("{8BC9CEB8-8B4A-11D0-8D11-00A0C91BC942}") = "ref_mifplus", "ref_mifplus.vcxproj", "{D848BE21-E735-4BB1-B262-245327012B6D}"
EndProject
Project("{8BC9CEB8-8B4A-11D0-8D11-00A0C91BC942}") = "ref_mifulc", "ref_mifulc.vcxproj", "{CED5DD7B-0FF6-456F-A3FF-1F9EF1D886A4}"
EndProject
Project("{8BC9CEB8-8B4A-11D0-8D11-00A0C91BC942}") = "ref_tcl", "ref_tcl.vcxproj", "{C0CA97E4-56AC-4173-A146-125F42645759}"
EndProject
Project("{8BC9CEB8-8B4A-11D0-8D11-00A0C91BC942}") = "ref_wait", "ref_wait.vcxproj", "{2BBCA220-C669-4B09-AD16-5413585F46B0}"
EndProject
Global
	GlobalSection(SolutionConfigurationPlatforms) = preSolution
		Debug|x64 = Debug|x64
		Debug|x86 = Debug|x86
		Release|x64 = Release|x64
		Release|x86 = Release|x86
	EndGlobalSection
	GlobalSection(ProjectConfigurationPlatforms) = postSolution
		{F3F48F0F-1847-4913-8CAA-F2062D3F1126}.Debug|x64.ActiveCfg = Debug|x64
		{F3F48F0F-1847-4913-8CAA-F2062D3F1126}.Debug|x64.Build.0 = Debug|x64
		{F3F48F0F-1847-4913-8CAA-F2062D3F1126}.Debug|x86.ActiveCfg = Debug|Win32
		{F3F48F0F-1847-4913-8CAA-F2062D3F1126}.Debug|x86.Build.0 = Debug|Win32
		{F3F48F0F-1847-4913-8CAA-F2062D3F1126}.Release|x64.ActiveCfg = Release|x64
		{F3F48F0F-1847-4913-8CAA-F2062D3F1126}.Release|x64.Build.0 = Release|x64
		{F3F48F0F-1847-4913-8CAA-F2062D3F1126}.Release|x86.ActiveCfg = Release|Win32
		{F3F48F0F-1847-4913-8CAA-F2062D3F1126}.Release|x86.Build.0 = Release|Win32		
		{8021C45A-A388-42C7-B570-7178663E7823}.Debug|x64.ActiveCfg = Debug|x64
		{8021C45A-A388-42C7-B570-7178663E7823}.Debug|x64.Build.0 = Debug|x64
		{8021C45A-A388-42C7-B570-7178663E7823}.Debug|x86.ActiveCfg = Debug|Win32
		{8021C45A-A388-42C7-B570-7178663E7823}.Debug|x86.Build.0 = Debug|Win32
		{8021C45A-A388-42C7-B570-7178663E7823}.Release|x64.ActiveCfg = Release|x64
		{8021C45A-A388-42C7-B570-7178663E7823}.Release|x64.Build.0 = Release|x64
		{8021C45A-A388-42C7-B570-7178663E7823}.Release|x86.ActiveCfg = Release|Win32
		{8021C45A-A388-42C7-B570-7178663E7823}.Release|x86.Build.0 = Release|Win32
		{923ADF54-1629-4BF7-8732-D01054B7C8FA}.Debug|x64.ActiveCfg = Debug|x64
		{923ADF54-1629-4BF7-8732-D01054B7C8FA}.Debug|x64.Build.0 = Debug|x64
		{923ADF54-1629-4BF7-8732-D01054B7C8FA}.Debug|x86.ActiveCfg = Debug|Win32
		{923ADF54-1629-4BF7-8732-D01054B7C8FA}.Debug|x86.Build.0 = Debug|Win32
		{923ADF54-1629-4BF7-8732-D01054B7C8FA}.Release|x64.ActiveCfg = Release|x64
		{923ADF54-1629-4BF7-8732-D01054B7C8FA}.Release|x64.Build.0 = Release|x64
		{923ADF54-1629-4BF7-8732-D01054B7C8FA}.Release|x86.ActiveCfg = Release|Win32
		{923ADF54-1629-4BF7-8732-D01054B7C8FA}.Release|x86.Build.0 = Release|Win32
		{4B3D508A-BFAD-46B1-8005-5842A5C0A7C8}.Debug|x64.ActiveCfg = Debug|x64
		{4B3D508A-BFAD-46B1-8005-5842A5C0A7C8}.Debug|x64.Build.0 = Debug|x64
		{4B3D508A-BFAD-46B1-8005-5842A5C0A7C8}.Debug|x86.ActiveCfg = Debug|Win32
		{4B3D508A-BFAD-46B1-8005-5842A5C0A7C8}.Debug|x86.Build.0 = Debug|Win32
		{4B3D508A-BFAD-46B1-8005-5842A5C0A7C8}.Release|x64.ActiveCfg = Release|x64
		{4B3D508A-BFAD-46B1-8005-5842A5C0A7C8}.Release|x64.Build.0 = Release|x64
		{4B3D508A-BFAD-46B1-8005-5842A5C0A7C8}.Release|x86.ActiveCfg = Release|Win32
		{4B3D508A-BFAD-46B1-8005-5842A5C0A7C8}.Release|x86.Build.0 = Release|Win32
		{44C62F87-C8D2-40BC-9302-1A8EE0078578}.Debug|x64.ActiveCfg = Debug|x64
		{44C62F87-C8D2-40BC-9302-1A8EE0078578}.Debug|x64.Build.0 = Debug|x64
		{44C62F87-C8D2-40BC-9302-1A8EE0078578}.Debug|x86.ActiveCfg = Debug|Win32
		{44C62F87-C8D2-40BC-9302-1A8EE0078578}.Debug|x86.Build.0 = Debug|Win32
		{44C62F87-C8D2-40BC-9302-1A8EE0078578}.Release|x64.ActiveCfg = Release|x64
		{44C62F87-C8D2-40BC-9302-1A8EE0078578}.Release|x64.Build.0 = Release|x64
		{44C62F87-C8D2-40BC-9302-1A8EE0078578}.Release|x86.ActiveCfg = Release|Win32
		{44C62F87-C8D2-40BC-9302-1A8EE0078578}.Release|x86.Build.0 = Release|Win32
		{29553DA5-334E-424D-8945-4C0FD6381AAB}.Debug|x64.ActiveCfg = Debug|x64
		{29553DA5-334E-424D-8945-4C0FD6381AAB}.Debug|x64.Build.0 = Debug|x64
		{29553DA5-334E-424D-8945-4C0FD6381AAB}.Debug|x86.ActiveCfg = Debug|Win32
		{29553DA5-334E-424D-8945-4C0FD6381AAB}.Debug|x86.Build.0 = Debug|Win32
		{29553DA5-334E-424D-8945-4C0FD6381AAB}.Release|x64.ActiveCfg = Release|x64
		{29553DA5-334E-424D-8945-4C0FD6381AAB}.Release|x64.Build.0 = Release|x64
		{29553DA5-334E-424D-8945-4C0FD6381AAB}.Release|x86.ActiveCfg = Release|Win32
		{29553DA5-334E-424D-8945-4C0FD6381AAB}.Release|x86.Build.0 = Release|Win32
		{F25674D7-743A-4E67-98C1-D25A27585005}.Debug|x64.ActiveCfg = Debug|x64
		{F25674D7-743A-4E67-98C1-D25A27585005}.Debug|x64.Build.0 = Debug|x64
		{F25674D7-743A-4E67-98C1-D25A27585005}.Debug|x86.ActiveCfg = Debug|Win32
		{F25674D7-743A-4E67-98C1-D25A27585005}.Debug|x86.Build.0 = Debug|Win32
		{F25674D7-743A-4E67-98C1-D25A27585005}.Release|x64.ActiveCfg = Release|x64
		{F25674D7-743A-4E67-98C1-D25A27585005}.Release|x64.Build.0 = Release|x64
		{F25674D7-743A-4E67-98C1-D25A27585005}.Release|x86.ActiveCfg = Release|Win32
		{F25674D7-743A-4E67-98C1-D25A27585005}.Release|x86.Build.0 = Release|Win32
		{583ADFA2-3451-4D09-BD28-1478B7C83774}.Debug|x64.ActiveCfg = Debug|x64
		{583ADFA2-3451-4D09-BD28-1478B7C83774}.Debug|x64.Build.0 = Debug|x64
		{583ADFA2-3451-4D09-BD28-1478B7C83774}.Debug|x86.ActiveCfg = Debug|Win32
		{583ADFA2-3451-4D09-BD28-1478B7C83774}.Debug|x86.Build.0 = Debug|Win32
		{583ADFA2-3451-4D09-BD28-1478B7C83774}.Release|x64.ActiveCfg = Release|x64
		{583ADFA2-3451-4D09-BD28-1478B7C83774}.Release|x64.Build.0 = Release|x64
		{583ADFA2-3451-4D09-BD28-1478B7C83774}.Release|x86.ActiveCfg = Release|Win32
		{583ADFA2-3451-4D09-BD28-1478B7C83774}.Release|x86.Build.0 = Release|Win32
		{94C5D6FB-524B-46F1-A8EF-C2D246197D76}.Debug|x64.ActiveCfg = Debug|x64
		{94C5D6FB-524B-46F1-A8EF-C2D246197D76}.Debug|x64.Build.0 = Debug|x64
		{94C5D6FB-524B-46F1-A8EF-C2D246197D76}.Debug|x86.ActiveCfg = Debug|Win32
		{94C5D6FB-524B-46F1-A8EF-C2D246197D76}.Debug|x86.Build.0 = Debug|Win32
		{94C5D6FB-524B-46F1-A8EF-C2D246197D76}.Release|x64.ActiveCfg = Release|x64
		{94C5D6FB-524B-46F1-A8EF-C2D246197D76}.Release|x64.Build.0 = Release|x64
		{94C5D6FB-524B-46F1-A8EF-C2D246197D76}.Release|x86.ActiveCfg = Release|Win32
		{94C5D6FB-524B-46F1-A8EF-C2D246197D76}.Release|x86.Build.0 = Release|Win32
		{68151D07-196E-4E64-B286-F5A9527D4193}.Debug|x64.ActiveCfg = Debug|x64
		{68151D07-196E-4E64-B286-F5A9527D4193}.Debug|x64.Build.0 = Debug|x64
		{68151D07-196E-4E64-B286-F5A9527D4193}.Debug|x86.ActiveCfg = Debug|Win32
		{68151D07-196E-4E64-B286-F5A9527D4193}.Debug|x86.Build.0 = Debug|Win32
		{68151D07-196E-4E64-B286-F5A9527D4193}.Release|x64.ActiveCfg = Release|x64
		{68151D07-196E-4E64-B286-F5A9527D4193}.Release|x64.Build.0 = Release|x64
		{68151D07-196E-4E64-B286-F5A9527D4193}.Release|x86.ActiveCfg = Release|Win32
		{68151D07-196E-4E64-B286-F5A9527D4193}.Release|x86.Build.0 = Release|Win32
		{B19166FB-36A4-4EF8-9BBA-CC238842F81C}.Debug|x64.ActiveCfg = Debug|x64
		{B19166FB-36A4-4EF8-9BBA-CC238842F81C}.Debug|x64.Build.0 = Debug|x64
		{B19166FB-36A4-4EF8-9BBA-CC238842F81C}.Debug|x86.ActiveCfg = Debug|Win32
		{B19166FB-36A4-4EF8-9BBA-CC238842F81C}.Debug|x86.Build.0 = Debug|Win32
		{B19166FB-36A4-4EF8-9BBA-CC238842F81C}.Release|x64.ActiveCfg = Release|x64
		{B19166FB-36A4-4EF8-9BBA-CC238842F81C}.Release|x64.Build.0 = Release|x64
		{B19166FB-36A4-4EF8-9BBA-CC238842F81C}.Release|x86.ActiveCfg = Release|Win32
		{B19166FB-36A4-4EF8-9BBA-CC238842F81C}.Release|x86.Build.0 = Release|Win32
		{C8C118A5-E30B-4980-B769-03C729DAD2D6}.Debug|x64.ActiveCfg = Debug|x64
		{C8C118A5-E30B-4980-B769-03C729DAD2D6}.Debug|x64.Build.0 = Debug|x64
		{C8C118A5-E30B-4980-B769-03C729DAD2D6}.Debug|x86.ActiveCfg = Debug|Win32
		{C8C118A5-E30B-4980-B769-03C729DAD2D6}.Debug|x86.Build.0 = Debug|Win32
		{C8C118A5-E30B-4980-B769-03C729DAD2D6}.Release|x64.ActiveCfg = Release|x64
		{C8C118A5-E30B-4980-B769-03C729DAD2D6}.Release|x64.Build.0 = Release|x64
		{C8C118A5-E30B-4980-B769-03C729DAD2D6}.Release|x86.ActiveCfg = Release|Win32
		{C8C118A5-E30B-4980-B769-03C729DAD2D6}.Release|x86.Build.0 = Release|Win32
		{C0CA97E4-56AC-4173-A146-125F42645759}.Debug|x64.ActiveCfg = Debug|x64
		{C0CA97E4-56AC-4173-A146-125F42645759}.Debug|x64.Build.0 = Debug|x64
		{C0CA97E4-56AC-4173-A146-125F42645759}.Debug|x86.ActiveCfg = Debug|Win32
		{C0CA97E4-56AC-4173-A146-125F42645759}.Debug|x86.Build.0 = Debug|Win32
		{C0CA97E4-56AC-4173-A146-125F42645759}.Release|x64.ActiveCfg = Release|x64
		{C0CA97E4-56AC-4173-A146-125F42645759}.Release|x64.Build.0 = Release|x64
		{C0CA97E4-56AC-4173-A146-125F42645759}.Release|x86.ActiveCfg = Release|Win32
		{C0CA97E4-56AC-4173-A146-125F42645759}.Release|x86.Build.0 = Release|Win32
		{2BBCA220-C669-4B09-AD16-5413585F46B0}.Debug|x64.ActiveCfg = Debug|x64
		{2BBCA220-C669-4B09-AD16-5413585F46B0}.Debug|x64.Build.0 = Debug|x64
		{2BBCA220-C669-4B09-AD16-5413585F46B0}.Debug|x86.ActiveCfg = Debug|Win32
		{2BBCA220-C669-4B09-AD16-5413585F46B0}.Debug|x86.Build.0 = Debug|Win32
		{2BBCA220-C669-4B09-AD16-5413585F46B0}.Release|x64.ActiveCfg = Release|x64
		{2BBCA220-C669-4B09-AD16-5413585F46B0}.Release|x64.Build.0 = Release|x64
		{2BBCA220-C669-4B09-AD16-5413585F46B0}.Release|x86.ActiveCfg = Release|Win32
		{2BBCA220-C669-4B09-AD16-5413585F46B0}.Release|x86.Build.0 = Release|Win32
		{CCDE909C-4FAF-4396-A120-AA6FBBE5D76E}.Debug|x64.ActiveCfg = Debug|x64
		{CCDE909C-4FAF-4396-A120-AA6FBBE5D76E}.Debug|x64.Build.0 = Debug|x64
		{CCDE909C-4FAF-4396-A120-AA6FBBE5D76E}.Debug|x86.ActiveCfg = Debug|Win32
		{CCDE909C-4FAF-4396-A120-AA6FBBE5D76E}.Debug|x86.Build.0 = Debug|Win32
		{CCDE909C-4FAF-4396-A120-AA6FBBE5D76E}.Release|x64.ActiveCfg = Release|x64
		{CCDE909C-4FAF-4396-A120-AA6FBBE5D76E}.Release|x64.Build.0 = Release|x64
		{CCDE909C-4FAF-4396-A120-AA6FBBE5D76E}.Release|x86.ActiveCfg = Release|Win32
		{CCDE909C-4FAF-4396-A120-AA6FBBE5D76E}.Release|x86.Build.0 = Release|Win32		
		{CED5DD7B-0FF6-456F-A3FF-1F9EF1D886A4}.Debug|x64.ActiveCfg = Debug|x64
		{CED5DD7B-0FF6-456F-A3FF-1F9EF1D886A4}.Debug|x64.Build.0 = Debug|x64
		{CED5DD7B-0FF6-456F-A3FF-1F9EF1D886A4}.Debug|x86.ActiveCfg = Debug|Win32
		{CED5DD7B-0FF6-456F-A3FF-1F9EF1D886A4}.Debug|x86.Build.0 = Debug|Win32
		{CED5DD7B-0FF6-456F-A3FF-1F9EF1D886A4}.Release|x64.ActiveCfg = Release|x64
		{CED5DD7B-0FF6-456F-A3FF-1F9EF1D886A4}.Release|x64.Build.0 = Release|x64
		{CED5DD7B-0FF6-456F-A3FF-1F9EF1D886A4}.Release|x86.ActiveCfg = Release|Win32
		{CED5DD7B-0FF6-456F-A3FF-1F9EF1D886A4}.Release|x86.Build.0 = Release|Win32		
		{D848BE21-E735-4BB1-B262-245327012B6D}.Debug|x64.ActiveCfg = Debug|x64
		{D848BE21-E735-4BB1-B262-245327012B6D}.Debug|x64.Build.0 = Debug|x64
		{D848BE21-E735-4BB1-B262-245327012B6D}.Debug|x86.ActiveCfg = Debug|Win32
		{D848BE21-E735-4BB1-B262-245327012B6D}.Debug|x86.Build.0 = Debug|Win32
		{D848BE21-E735-4BB1-B262-245327012B6D}.Release|x64.ActiveCfg = Release|x64
		{D848BE21-E735-4BB1-B262-245327012B6D}.Release|x64.Build.0 = Release|x64
		{D848BE21-E735-4BB1-B262-245327012B6D}.Release|x86.ActiveCfg = Release|Win32
		{D848BE21-E735-4BB1-B262-245327012B6D}.Release|x86.Build.0 = Release|Win32				
	EndGlobalSection
	GlobalSection(SolutionProperties) = preSolution
		HideSolutionNode = FALSE
	EndGlobalSection
	GlobalSection(ExtensibilityGlobals) = postSolution
		SolutionGuid = {5D711CFB-F633-4223-B47F-C42913B83028}
	EndGlobalSection
EndGlobal
